// !$*UTF8*$!
{
	archiveVersion = 1;
	classes = {
	};
	objectVersion = 55;
	objects = {

/* Begin PBXBuildFile section */
		8D27BBC628AE3E6B003A9979 /* LandMark.swift in Sources */ = {isa = PBXBuildFile; fileRef = 8D27BBC528AE3E6B003A9979 /* LandMark.swift */; };
		8D27BBC828AE40E8003A9979 /* LandMarkData.swift in Sources */ = {isa = PBXBuildFile; fileRef = 8D27BBC728AE40E8003A9979 /* LandMarkData.swift */; };
		8D27BBD128AE440F003A9979 /* LandMarkRow.swift in Sources */ = {isa = PBXBuildFile; fileRef = 8D27BBD028AE440F003A9979 /* LandMarkRow.swift */; };
		8D2C4DC728B0CDBD0018741A /* HikeBadge.swift in Sources */ = {isa = PBXBuildFile; fileRef = 8D2C4DC628B0CDBD0018741A /* HikeBadge.swift */; };
		8D2C4DC928B0D3140018741A /* ProfileEditor.swift in Sources */ = {isa = PBXBuildFile; fileRef = 8D2C4DC828B0D3140018741A /* ProfileEditor.swift */; };
		8D51B98828B08139002E0ADD /* HexagonParameters.swift in Sources */ = {isa = PBXBuildFile; fileRef = 8D51B98728B08139002E0ADD /* HexagonParameters.swift */; };
		8D51B98A28B081E8002E0ADD /* BudgeBackground.swift in Sources */ = {isa = PBXBuildFile; fileRef = 8D51B98928B081E8002E0ADD /* BudgeBackground.swift */; };
		8D51B98C28B08421002E0ADD /* BadgeSymbol.swift in Sources */ = {isa = PBXBuildFile; fileRef = 8D51B98B28B08421002E0ADD /* BadgeSymbol.swift */; };
		8D51B98E28B08466002E0ADD /* RotatedBageSymbol.swift in Sources */ = {isa = PBXBuildFile; fileRef = 8D51B98D28B08466002E0ADD /* RotatedBageSymbol.swift */; };
		8D51B99028B08482002E0ADD /* Badge.swift in Sources */ = {isa = PBXBuildFile; fileRef = 8D51B98F28B08482002E0ADD /* Badge.swift */; };
		8D51B99328B08563002E0ADD /* Hike.swift in Sources */ = {isa = PBXBuildFile; fileRef = 8D51B99228B08563002E0ADD /* Hike.swift */; };
		8D51B99728B08782002E0ADD /* HikeData.swift in Sources */ = {isa = PBXBuildFile; fileRef = 8D51B99628B08782002E0ADD /* HikeData.swift */; };
		8D51B99F28B088EE002E0ADD /* HikeDetail.swift in Sources */ = {isa = PBXBuildFile; fileRef = 8D51B99B28B088EE002E0ADD /* HikeDetail.swift */; };
		8D51B9A028B088EE002E0ADD /* HikeView.swift in Sources */ = {isa = PBXBuildFile; fileRef = 8D51B99C28B088EE002E0ADD /* HikeView.swift */; };
		8D51B9A128B088EE002E0ADD /* GraphCapsule.swift in Sources */ = {isa = PBXBuildFile; fileRef = 8D51B99D28B088EE002E0ADD /* GraphCapsule.swift */; };
		8D51B9A228B088EE002E0ADD /* HikeGraph.swift in Sources */ = {isa = PBXBuildFile; fileRef = 8D51B99E28B088EE002E0ADD /* HikeGraph.swift */; };
		8D51B9A428B08916002E0ADD /* hikeData.json in Resources */ = {isa = PBXBuildFile; fileRef = 8D51B9A328B08916002E0ADD /* hikeData.json */; };
		8D51B9A628B08964002E0ADD /* landmarkData.json in Resources */ = {isa = PBXBuildFile; fileRef = 8D51B9A528B08964002E0ADD /* landmarkData.json */; };
		8D51B9A928B0B421002E0ADD /* CategoryHome.swift in Sources */ = {isa = PBXBuildFile; fileRef = 8D51B9A828B0B421002E0ADD /* CategoryHome.swift */; };
		8D8D279E28AF2E9D00B9EC84 /* LandMarkList.swift in Sources */ = {isa = PBXBuildFile; fileRef = 8D8D279D28AF2E9D00B9EC84 /* LandMarkList.swift */; };
		8D8D27A028AF30C400B9EC84 /* LandMarkDetail.swift in Sources */ = {isa = PBXBuildFile; fileRef = 8D8D279F28AF30C400B9EC84 /* LandMarkDetail.swift */; };
		8D8D27A228AF678600B9EC84 /* FavoriteButton.swift in Sources */ = {isa = PBXBuildFile; fileRef = 8D8D27A128AF678600B9EC84 /* FavoriteButton.swift */; };
		8D8D27A728AF730500B9EC84 /* MarkCore.swift in Sources */ = {isa = PBXBuildFile; fileRef = 8D8D27A628AF730500B9EC84 /* MarkCore.swift */; };
		8D8D27A928AF732B00B9EC84 /* MarkEvent.swift in Sources */ = {isa = PBXBuildFile; fileRef = 8D8D27A828AF732B00B9EC84 /* MarkEvent.swift */; };
		8D8D27AB28AF733400B9EC84 /* MarkState.swift in Sources */ = {isa = PBXBuildFile; fileRef = 8D8D27AA28AF733400B9EC84 /* MarkState.swift */; };
		8DB487B528AE348400855C35 /* LandmarksApp.swift in Sources */ = {isa = PBXBuildFile; fileRef = 8DB487B428AE348400855C35 /* LandmarksApp.swift */; };
		8DB487B728AE348400855C35 /* ContentView.swift in Sources */ = {isa = PBXBuildFile; fileRef = 8DB487B628AE348400855C35 /* ContentView.swift */; };
		8DB487B928AE348500855C35 /* Assets.xcassets in Resources */ = {isa = PBXBuildFile; fileRef = 8DB487B828AE348500855C35 /* Assets.xcassets */; };
		8DB487BC28AE348500855C35 /* Preview Assets.xcassets in Resources */ = {isa = PBXBuildFile; fileRef = 8DB487BB28AE348500855C35 /* Preview Assets.xcassets */; };
		8DB487C628AE348500855C35 /* LandmarksTests.swift in Sources */ = {isa = PBXBuildFile; fileRef = 8DB487C528AE348500855C35 /* LandmarksTests.swift */; };
		8DB487D028AE348500855C35 /* LandmarksUITests.swift in Sources */ = {isa = PBXBuildFile; fileRef = 8DB487CF28AE348500855C35 /* LandmarksUITests.swift */; };
		8DB487D228AE348500855C35 /* LandmarksUITestsLaunchTests.swift in Sources */ = {isa = PBXBuildFile; fileRef = 8DB487D128AE348500855C35 /* LandmarksUITestsLaunchTests.swift */; };
		8DB487DF28AE35D300855C35 /* CircleImage.swift in Sources */ = {isa = PBXBuildFile; fileRef = 8DB487DE28AE35D300855C35 /* CircleImage.swift */; };
		8DB487E128AE380300855C35 /* MapView.swift in Sources */ = {isa = PBXBuildFile; fileRef = 8DB487E028AE380300855C35 /* MapView.swift */; };
		8DE7BEC928B0B75600154FF7 /* CategoryRow.swift in Sources */ = {isa = PBXBuildFile; fileRef = 8DE7BEC828B0B75600154FF7 /* CategoryRow.swift */; };
		8DE7BECB28B0BA3F00154FF7 /* CategoryItem.swift in Sources */ = {isa = PBXBuildFile; fileRef = 8DE7BECA28B0BA3F00154FF7 /* CategoryItem.swift */; };
		8DE7BED428B0C6BA00154FF7 /* Profile.swift in Sources */ = {isa = PBXBuildFile; fileRef = 8DE7BED328B0C6BA00154FF7 /* Profile.swift */; };
		8DE7BED628B0C8B800154FF7 /* ProfileSummary.swift in Sources */ = {isa = PBXBuildFile; fileRef = 8DE7BED528B0C8B800154FF7 /* ProfileSummary.swift */; };
		8DE7BED828B0CBA100154FF7 /* ProfileHost.swift in Sources */ = {isa = PBXBuildFile; fileRef = 8DE7BED728B0CBA100154FF7 /* ProfileHost.swift */; };
/* End PBXBuildFile section */

/* Begin PBXContainerItemProxy section */
		8DB487C228AE348500855C35 /* PBXContainerItemProxy */ = {
			isa = PBXContainerItemProxy;
			containerPortal = 8DB487A928AE348400855C35 /* Project object */;
			proxyType = 1;
			remoteGlobalIDString = 8DB487B028AE348400855C35;
			remoteInfo = Landmarks;
		};
		8DB487CC28AE348500855C35 /* PBXContainerItemProxy */ = {
			isa = PBXContainerItemProxy;
			containerPortal = 8DB487A928AE348400855C35 /* Project object */;
			proxyType = 1;
			remoteGlobalIDString = 8DB487B028AE348400855C35;
			remoteInfo = Landmarks;
		};
/* End PBXContainerItemProxy section */

/* Begin PBXFileReference section */
		8D27BBC528AE3E6B003A9979 /* LandMark.swift */ = {isa = PBXFileReference; lastKnownFileType = sourcecode.swift; path = LandMark.swift; sourceTree = "<group>"; };
		8D27BBC728AE40E8003A9979 /* LandMarkData.swift */ = {isa = PBXFileReference; lastKnownFileType = sourcecode.swift; path = LandMarkData.swift; sourceTree = "<group>"; };
		8D27BBD028AE440F003A9979 /* LandMarkRow.swift */ = {isa = PBXFileReference; lastKnownFileType = sourcecode.swift; path = LandMarkRow.swift; sourceTree = "<group>"; };
		8D2C4DC628B0CDBD0018741A /* HikeBadge.swift */ = {isa = PBXFileReference; lastKnownFileType = sourcecode.swift; path = HikeBadge.swift; sourceTree = "<group>"; };
		8D2C4DC828B0D3140018741A /* ProfileEditor.swift */ = {isa = PBXFileReference; lastKnownFileType = sourcecode.swift; path = ProfileEditor.swift; sourceTree = "<group>"; };
		8D51B98728B08139002E0ADD /* HexagonParameters.swift */ = {isa = PBXFileReference; lastKnownFileType = sourcecode.swift; path = HexagonParameters.swift; sourceTree = "<group>"; };
		8D51B98928B081E8002E0ADD /* BudgeBackground.swift */ = {isa = PBXFileReference; lastKnownFileType = sourcecode.swift; path = BudgeBackground.swift; sourceTree = "<group>"; };
		8D51B98B28B08421002E0ADD /* BadgeSymbol.swift */ = {isa = PBXFileReference; lastKnownFileType = sourcecode.swift; path = BadgeSymbol.swift; sourceTree = "<group>"; };
		8D51B98D28B08466002E0ADD /* RotatedBageSymbol.swift */ = {isa = PBXFileReference; lastKnownFileType = sourcecode.swift; path = RotatedBageSymbol.swift; sourceTree = "<group>"; };
		8D51B98F28B08482002E0ADD /* Badge.swift */ = {isa = PBXFileReference; lastKnownFileType = sourcecode.swift; path = Badge.swift; sourceTree = "<group>"; };
		8D51B99228B08563002E0ADD /* Hike.swift */ = {isa = PBXFileReference; lastKnownFileType = sourcecode.swift; path = Hike.swift; sourceTree = "<group>"; };
		8D51B99628B08782002E0ADD /* HikeData.swift */ = {isa = PBXFileReference; lastKnownFileType = sourcecode.swift; path = HikeData.swift; sourceTree = "<group>"; };
		8D51B99B28B088EE002E0ADD /* HikeDetail.swift */ = {isa = PBXFileReference; fileEncoding = 4; lastKnownFileType = sourcecode.swift; name = HikeDetail.swift; path = ../../../../../../../../Downloads/AnimatingViewsAndTransitions/Resources/Hikes/HikeDetail.swift; sourceTree = "<group>"; };
		8D51B99C28B088EE002E0ADD /* HikeView.swift */ = {isa = PBXFileReference; fileEncoding = 4; lastKnownFileType = sourcecode.swift; name = HikeView.swift; path = ../../../../../../../../Downloads/AnimatingViewsAndTransitions/Resources/Hikes/HikeView.swift; sourceTree = "<group>"; };
		8D51B99D28B088EE002E0ADD /* GraphCapsule.swift */ = {isa = PBXFileReference; fileEncoding = 4; lastKnownFileType = sourcecode.swift; name = GraphCapsule.swift; path = ../../../../../../../../Downloads/AnimatingViewsAndTransitions/Resources/Hikes/GraphCapsule.swift; sourceTree = "<group>"; };
		8D51B99E28B088EE002E0ADD /* HikeGraph.swift */ = {isa = PBXFileReference; fileEncoding = 4; lastKnownFileType = sourcecode.swift; name = HikeGraph.swift; path = ../../../../../../../../Downloads/AnimatingViewsAndTransitions/Resources/Hikes/HikeGraph.swift; sourceTree = "<group>"; };
		8D51B9A328B08916002E0ADD /* hikeData.json */ = {isa = PBXFileReference; fileEncoding = 4; lastKnownFileType = text.json; name = hikeData.json; path = ../../../../AnimatingViewsAndTransitions/Resources/hikeData.json; sourceTree = "<group>"; };
		8D51B9A528B08964002E0ADD /* landmarkData.json */ = {isa = PBXFileReference; fileEncoding = 4; lastKnownFileType = text.json; path = landmarkData.json; sourceTree = "<group>"; };
		8D51B9A828B0B421002E0ADD /* CategoryHome.swift */ = {isa = PBXFileReference; lastKnownFileType = sourcecode.swift; path = CategoryHome.swift; sourceTree = "<group>"; };
		8D8D279D28AF2E9D00B9EC84 /* LandMarkList.swift */ = {isa = PBXFileReference; lastKnownFileType = sourcecode.swift; path = LandMarkList.swift; sourceTree = "<group>"; };
		8D8D279F28AF30C400B9EC84 /* LandMarkDetail.swift */ = {isa = PBXFileReference; lastKnownFileType = sourcecode.swift; path = LandMarkDetail.swift; sourceTree = "<group>"; };
		8D8D27A128AF678600B9EC84 /* FavoriteButton.swift */ = {isa = PBXFileReference; lastKnownFileType = sourcecode.swift; path = FavoriteButton.swift; sourceTree = "<group>"; };
		8D8D27A628AF730500B9EC84 /* MarkCore.swift */ = {isa = PBXFileReference; lastKnownFileType = sourcecode.swift; path = MarkCore.swift; sourceTree = "<group>"; };
		8D8D27A828AF732B00B9EC84 /* MarkEvent.swift */ = {isa = PBXFileReference; lastKnownFileType = sourcecode.swift; path = MarkEvent.swift; sourceTree = "<group>"; };
		8D8D27AA28AF733400B9EC84 /* MarkState.swift */ = {isa = PBXFileReference; lastKnownFileType = sourcecode.swift; path = MarkState.swift; sourceTree = "<group>"; };
		8DB487B128AE348400855C35 /* Landmarks.app */ = {isa = PBXFileReference; explicitFileType = wrapper.application; includeInIndex = 0; path = Landmarks.app; sourceTree = BUILT_PRODUCTS_DIR; };
		8DB487B428AE348400855C35 /* LandmarksApp.swift */ = {isa = PBXFileReference; lastKnownFileType = sourcecode.swift; path = LandmarksApp.swift; sourceTree = "<group>"; };
		8DB487B628AE348400855C35 /* ContentView.swift */ = {isa = PBXFileReference; lastKnownFileType = sourcecode.swift; path = ContentView.swift; sourceTree = "<group>"; };
		8DB487B828AE348500855C35 /* Assets.xcassets */ = {isa = PBXFileReference; lastKnownFileType = folder.assetcatalog; path = Assets.xcassets; sourceTree = "<group>"; };
		8DB487BB28AE348500855C35 /* Preview Assets.xcassets */ = {isa = PBXFileReference; lastKnownFileType = folder.assetcatalog; path = "Preview Assets.xcassets"; sourceTree = "<group>"; };
		8DB487C128AE348500855C35 /* LandmarksTests.xctest */ = {isa = PBXFileReference; explicitFileType = wrapper.cfbundle; includeInIndex = 0; path = LandmarksTests.xctest; sourceTree = BUILT_PRODUCTS_DIR; };
		8DB487C528AE348500855C35 /* LandmarksTests.swift */ = {isa = PBXFileReference; lastKnownFileType = sourcecode.swift; path = LandmarksTests.swift; sourceTree = "<group>"; };
		8DB487CB28AE348500855C35 /* LandmarksUITests.xctest */ = {isa = PBXFileReference; explicitFileType = wrapper.cfbundle; includeInIndex = 0; path = LandmarksUITests.xctest; sourceTree = BUILT_PRODUCTS_DIR; };
		8DB487CF28AE348500855C35 /* LandmarksUITests.swift */ = {isa = PBXFileReference; lastKnownFileType = sourcecode.swift; path = LandmarksUITests.swift; sourceTree = "<group>"; };
		8DB487D128AE348500855C35 /* LandmarksUITestsLaunchTests.swift */ = {isa = PBXFileReference; lastKnownFileType = sourcecode.swift; path = LandmarksUITestsLaunchTests.swift; sourceTree = "<group>"; };
		8DB487DE28AE35D300855C35 /* CircleImage.swift */ = {isa = PBXFileReference; lastKnownFileType = sourcecode.swift; path = CircleImage.swift; sourceTree = "<group>"; };
		8DB487E028AE380300855C35 /* MapView.swift */ = {isa = PBXFileReference; lastKnownFileType = sourcecode.swift; path = MapView.swift; sourceTree = "<group>"; };
		8DE7BEC828B0B75600154FF7 /* CategoryRow.swift */ = {isa = PBXFileReference; lastKnownFileType = sourcecode.swift; path = CategoryRow.swift; sourceTree = "<group>"; };
		8DE7BECA28B0BA3F00154FF7 /* CategoryItem.swift */ = {isa = PBXFileReference; lastKnownFileType = sourcecode.swift; path = CategoryItem.swift; sourceTree = "<group>"; };
		8DE7BED328B0C6BA00154FF7 /* Profile.swift */ = {isa = PBXFileReference; lastKnownFileType = sourcecode.swift; path = Profile.swift; sourceTree = "<group>"; };
		8DE7BED528B0C8B800154FF7 /* ProfileSummary.swift */ = {isa = PBXFileReference; lastKnownFileType = sourcecode.swift; path = ProfileSummary.swift; sourceTree = "<group>"; };
		8DE7BED728B0CBA100154FF7 /* ProfileHost.swift */ = {isa = PBXFileReference; lastKnownFileType = sourcecode.swift; path = ProfileHost.swift; sourceTree = "<group>"; };
/* End PBXFileReference section */

/* Begin PBXFrameworksBuildPhase section */
		8DB487AE28AE348400855C35 /* Frameworks */ = {
			isa = PBXFrameworksBuildPhase;
			buildActionMask = 2147483647;
			files = (
			);
			runOnlyForDeploymentPostprocessing = 0;
		};
		8DB487BE28AE348500855C35 /* Frameworks */ = {
			isa = PBXFrameworksBuildPhase;
			buildActionMask = 2147483647;
			files = (
			);
			runOnlyForDeploymentPostprocessing = 0;
		};
		8DB487C828AE348500855C35 /* Frameworks */ = {
			isa = PBXFrameworksBuildPhase;
			buildActionMask = 2147483647;
			files = (
			);
			runOnlyForDeploymentPostprocessing = 0;
		};
/* End PBXFrameworksBuildPhase section */

/* Begin PBXGroup section */
		8D27BBC928AE42E9003A9979 /* Views */ = {
			isa = PBXGroup;
			children = (
				8DE7BED228B0C69100154FF7 /* Profile */,
				8D51B9A728B0B40C002E0ADD /* Category */,
				8D51B99A28B088DC002E0ADD /* Hikes */,
				8D51B99128B08520002E0ADD /* Badges */,
				8D8D27A428AF698500B9EC84 /* Helpers */,
				8D8D27A328AF697100B9EC84 /* LandMarks */,
				8DB487B628AE348400855C35 /* ContentView.swift */,
			);
			path = Views;
			sourceTree = "<group>";
		};
		8D27BBCA28AE4301003A9979 /* Models */ = {
			isa = PBXGroup;
			children = (
				8D27BBC528AE3E6B003A9979 /* LandMark.swift */,
				8D51B99228B08563002E0ADD /* Hike.swift */,
				8DE7BED328B0C6BA00154FF7 /* Profile.swift */,
			);
			path = Models;
			sourceTree = "<group>";
		};
		8D51B99128B08520002E0ADD /* Badges */ = {
			isa = PBXGroup;
			children = (
				8D51B98B28B08421002E0ADD /* BadgeSymbol.swift */,
				8D51B98D28B08466002E0ADD /* RotatedBageSymbol.swift */,
				8D51B98F28B08482002E0ADD /* Badge.swift */,
				8D51B98928B081E8002E0ADD /* BudgeBackground.swift */,
				8D51B98728B08139002E0ADD /* HexagonParameters.swift */,
			);
			path = Badges;
			sourceTree = "<group>";
		};
		8D51B99A28B088DC002E0ADD /* Hikes */ = {
			isa = PBXGroup;
			children = (
				8D51B99D28B088EE002E0ADD /* GraphCapsule.swift */,
				8D51B99B28B088EE002E0ADD /* HikeDetail.swift */,
				8D51B99E28B088EE002E0ADD /* HikeGraph.swift */,
				8D51B99C28B088EE002E0ADD /* HikeView.swift */,
				8D2C4DC628B0CDBD0018741A /* HikeBadge.swift */,
			);
			path = Hikes;
			sourceTree = "<group>";
		};
		8D51B9A728B0B40C002E0ADD /* Category */ = {
			isa = PBXGroup;
			children = (
				8D51B9A828B0B421002E0ADD /* CategoryHome.swift */,
				8DE7BEC828B0B75600154FF7 /* CategoryRow.swift */,
				8DE7BECA28B0BA3F00154FF7 /* CategoryItem.swift */,
			);
			path = Category;
			sourceTree = "<group>";
		};
		8D8D279228AF28E500B9EC84 /* Resources */ = {
			isa = PBXGroup;
			children = (
				8D51B9A328B08916002E0ADD /* hikeData.json */,
				8D51B9A528B08964002E0ADD /* landmarkData.json */,
			);
			name = Resources;
			path = ../../../../../../Downloads/BuildingListsAndNavigation/Complete/Landmarks/Resources;
			sourceTree = "<group>";
		};
		8D8D27A328AF697100B9EC84 /* LandMarks */ = {
			isa = PBXGroup;
			children = (
				8D8D279F28AF30C400B9EC84 /* LandMarkDetail.swift */,
				8D27BBD028AE440F003A9979 /* LandMarkRow.swift */,
				8D8D279D28AF2E9D00B9EC84 /* LandMarkList.swift */,
			);
			path = LandMarks;
			sourceTree = "<group>";
		};
		8D8D27A428AF698500B9EC84 /* Helpers */ = {
			isa = PBXGroup;
			children = (
				8D8D27A128AF678600B9EC84 /* FavoriteButton.swift */,
				8DB487E028AE380300855C35 /* MapView.swift */,
				8DB487DE28AE35D300855C35 /* CircleImage.swift */,
			);
			path = Helpers;
			sourceTree = "<group>";
		};
		8D8D27A528AF72A600B9EC84 /* StateManagement */ = {
			isa = PBXGroup;
			children = (
				8D8D27A628AF730500B9EC84 /* MarkCore.swift */,
				8D8D27A828AF732B00B9EC84 /* MarkEvent.swift */,
				8D8D27AA28AF733400B9EC84 /* MarkState.swift */,
			);
			path = StateManagement;
			sourceTree = "<group>";
		};
		8D8D27AC28AF74EE00B9EC84 /* DataSource */ = {
			isa = PBXGroup;
			children = (
				8D27BBC728AE40E8003A9979 /* LandMarkData.swift */,
				8D51B99628B08782002E0ADD /* HikeData.swift */,
			);
			path = DataSource;
			sourceTree = "<group>";
		};
		8DB487A828AE348400855C35 = {
			isa = PBXGroup;
			children = (
				8DB487B328AE348400855C35 /* Landmarks */,
				8DB487C428AE348500855C35 /* LandmarksTests */,
				8DB487CE28AE348500855C35 /* LandmarksUITests */,
				8DB487B228AE348400855C35 /* Products */,
			);
			sourceTree = "<group>";
		};
		8DB487B228AE348400855C35 /* Products */ = {
			isa = PBXGroup;
			children = (
				8DB487B128AE348400855C35 /* Landmarks.app */,
				8DB487C128AE348500855C35 /* LandmarksTests.xctest */,
				8DB487CB28AE348500855C35 /* LandmarksUITests.xctest */,
			);
			name = Products;
			sourceTree = "<group>";
		};
		8DB487B328AE348400855C35 /* Landmarks */ = {
			isa = PBXGroup;
			children = (
				8DB487B428AE348400855C35 /* LandmarksApp.swift */,
				8D8D27AC28AF74EE00B9EC84 /* DataSource */,
				8D8D27A528AF72A600B9EC84 /* StateManagement */,
				8D27BBCA28AE4301003A9979 /* Models */,
				8D27BBC928AE42E9003A9979 /* Views */,
				8D8D279228AF28E500B9EC84 /* Resources */,
				8DB487BA28AE348500855C35 /* Preview Content */,
			);
			path = Landmarks;
			sourceTree = "<group>";
		};
		8DB487BA28AE348500855C35 /* Preview Content */ = {
			isa = PBXGroup;
			children = (
				8DB487B828AE348500855C35 /* Assets.xcassets */,
				8DB487BB28AE348500855C35 /* Preview Assets.xcassets */,
			);
			path = "Preview Content";
			sourceTree = "<group>";
		};
		8DB487C428AE348500855C35 /* LandmarksTests */ = {
			isa = PBXGroup;
			children = (
				8DB487C528AE348500855C35 /* LandmarksTests.swift */,
			);
			path = LandmarksTests;
			sourceTree = "<group>";
		};
		8DB487CE28AE348500855C35 /* LandmarksUITests */ = {
			isa = PBXGroup;
			children = (
				8DB487CF28AE348500855C35 /* LandmarksUITests.swift */,
				8DB487D128AE348500855C35 /* LandmarksUITestsLaunchTests.swift */,
			);
			path = LandmarksUITests;
			sourceTree = "<group>";
		};
		8DE7BED228B0C69100154FF7 /* Profile */ = {
			isa = PBXGroup;
			children = (
				8DE7BED528B0C8B800154FF7 /* ProfileSummary.swift */,
				8DE7BED728B0CBA100154FF7 /* ProfileHost.swift */,
				8D2C4DC828B0D3140018741A /* ProfileEditor.swift */,
			);
			path = Profile;
			sourceTree = "<group>";
		};
/* End PBXGroup section */

/* Begin PBXNativeTarget section */
		8DB487B028AE348400855C35 /* Landmarks */ = {
			isa = PBXNativeTarget;
			buildConfigurationList = 8DB487D528AE348500855C35 /* Build configuration list for PBXNativeTarget "Landmarks" */;
			buildPhases = (
				8DB487AD28AE348400855C35 /* Sources */,
				8DB487AE28AE348400855C35 /* Frameworks */,
				8DB487AF28AE348400855C35 /* Resources */,
			);
			buildRules = (
			);
			dependencies = (
			);
			name = Landmarks;
			productName = Landmarks;
			productReference = 8DB487B128AE348400855C35 /* Landmarks.app */;
			productType = "com.apple.product-type.application";
		};
		8DB487C028AE348500855C35 /* LandmarksTests */ = {
			isa = PBXNativeTarget;
			buildConfigurationList = 8DB487D828AE348500855C35 /* Build configuration list for PBXNativeTarget "LandmarksTests" */;
			buildPhases = (
				8DB487BD28AE348500855C35 /* Sources */,
				8DB487BE28AE348500855C35 /* Frameworks */,
				8DB487BF28AE348500855C35 /* Resources */,
			);
			buildRules = (
			);
			dependencies = (
				8DB487C328AE348500855C35 /* PBXTargetDependency */,
			);
			name = LandmarksTests;
			productName = LandmarksTests;
			productReference = 8DB487C128AE348500855C35 /* LandmarksTests.xctest */;
			productType = "com.apple.product-type.bundle.unit-test";
		};
		8DB487CA28AE348500855C35 /* LandmarksUITests */ = {
			isa = PBXNativeTarget;
			buildConfigurationList = 8DB487DB28AE348500855C35 /* Build configuration list for PBXNativeTarget "LandmarksUITests" */;
			buildPhases = (
				8DB487C728AE348500855C35 /* Sources */,
				8DB487C828AE348500855C35 /* Frameworks */,
				8DB487C928AE348500855C35 /* Resources */,
			);
			buildRules = (
			);
			dependencies = (
				8DB487CD28AE348500855C35 /* PBXTargetDependency */,
			);
			name = LandmarksUITests;
			productName = LandmarksUITests;
			productReference = 8DB487CB28AE348500855C35 /* LandmarksUITests.xctest */;
			productType = "com.apple.product-type.bundle.ui-testing";
		};
/* End PBXNativeTarget section */

/* Begin PBXProject section */
		8DB487A928AE348400855C35 /* Project object */ = {
			isa = PBXProject;
			attributes = {
				BuildIndependentTargetsInParallel = 1;
				LastSwiftUpdateCheck = 1340;
				LastUpgradeCheck = 1340;
				TargetAttributes = {
					8DB487B028AE348400855C35 = {
						CreatedOnToolsVersion = 13.4.1;
					};
					8DB487C028AE348500855C35 = {
						CreatedOnToolsVersion = 13.4.1;
						TestTargetID = 8DB487B028AE348400855C35;
					};
					8DB487CA28AE348500855C35 = {
						CreatedOnToolsVersion = 13.4.1;
						TestTargetID = 8DB487B028AE348400855C35;
					};
				};
			};
			buildConfigurationList = 8DB487AC28AE348400855C35 /* Build configuration list for PBXProject "Landmarks" */;
			compatibilityVersion = "Xcode 13.0";
			developmentRegion = en;
			hasScannedForEncodings = 0;
			knownRegions = (
				en,
				Base,
			);
			mainGroup = 8DB487A828AE348400855C35;
			productRefGroup = 8DB487B228AE348400855C35 /* Products */;
			projectDirPath = "";
			projectRoot = "";
			targets = (
				8DB487B028AE348400855C35 /* Landmarks */,
				8DB487C028AE348500855C35 /* LandmarksTests */,
				8DB487CA28AE348500855C35 /* LandmarksUITests */,
			);
		};
/* End PBXProject section */

/* Begin PBXResourcesBuildPhase section */
		8DB487AF28AE348400855C35 /* Resources */ = {
			isa = PBXResourcesBuildPhase;
			buildActionMask = 2147483647;
			files = (
				8DB487BC28AE348500855C35 /* Preview Assets.xcassets in Resources */,
				8D51B9A628B08964002E0ADD /* landmarkData.json in Resources */,
				8DB487B928AE348500855C35 /* Assets.xcassets in Resources */,
				8D51B9A428B08916002E0ADD /* hikeData.json in Resources */,
			);
			runOnlyForDeploymentPostprocessing = 0;
		};
		8DB487BF28AE348500855C35 /* Resources */ = {
			isa = PBXResourcesBuildPhase;
			buildActionMask = 2147483647;
			files = (
			);
			runOnlyForDeploymentPostprocessing = 0;
		};
		8DB487C928AE348500855C35 /* Resources */ = {
			isa = PBXResourcesBuildPhase;
			buildActionMask = 2147483647;
			files = (
			);
			runOnlyForDeploymentPostprocessing = 0;
		};
/* End PBXResourcesBuildPhase section */

/* Begin PBXSourcesBuildPhase section */
		8DB487AD28AE348400855C35 /* Sources */ = {
			isa = PBXSourcesBuildPhase;
			buildActionMask = 2147483647;
			files = (
				8D51B99728B08782002E0ADD /* HikeData.swift in Sources */,
				8D51B98828B08139002E0ADD /* HexagonParameters.swift in Sources */,
				8DB487B728AE348400855C35 /* ContentView.swift in Sources */,
				8DE7BED828B0CBA100154FF7 /* ProfileHost.swift in Sources */,
				8D27BBD128AE440F003A9979 /* LandMarkRow.swift in Sources */,
				8DE7BECB28B0BA3F00154FF7 /* CategoryItem.swift in Sources */,
				8D2C4DC928B0D3140018741A /* ProfileEditor.swift in Sources */,
				8D51B9A928B0B421002E0ADD /* CategoryHome.swift in Sources */,
				8D51B99328B08563002E0ADD /* Hike.swift in Sources */,
				8DE7BEC928B0B75600154FF7 /* CategoryRow.swift in Sources */,
				8D51B98A28B081E8002E0ADD /* BudgeBackground.swift in Sources */,
				8D51B9A128B088EE002E0ADD /* GraphCapsule.swift in Sources */,
				8D27BBC628AE3E6B003A9979 /* LandMark.swift in Sources */,
				8D51B98C28B08421002E0ADD /* BadgeSymbol.swift in Sources */,
				8D8D27A728AF730500B9EC84 /* MarkCore.swift in Sources */,
				8D51B99028B08482002E0ADD /* Badge.swift in Sources */,
				8D8D27A928AF732B00B9EC84 /* MarkEvent.swift in Sources */,
				8D51B99F28B088EE002E0ADD /* HikeDetail.swift in Sources */,
				8D51B9A228B088EE002E0ADD /* HikeGraph.swift in Sources */,
				8DE7BED428B0C6BA00154FF7 /* Profile.swift in Sources */,
				8D8D279E28AF2E9D00B9EC84 /* LandMarkList.swift in Sources */,
				8D51B9A028B088EE002E0ADD /* HikeView.swift in Sources */,
				8D2C4DC728B0CDBD0018741A /* HikeBadge.swift in Sources */,
				8D8D27A028AF30C400B9EC84 /* LandMarkDetail.swift in Sources */,
				8DB487E128AE380300855C35 /* MapView.swift in Sources */,
				8DB487B528AE348400855C35 /* LandmarksApp.swift in Sources */,
				8DE7BED628B0C8B800154FF7 /* ProfileSummary.swift in Sources */,
				8D8D27AB28AF733400B9EC84 /* MarkState.swift in Sources */,
				8D8D27A228AF678600B9EC84 /* FavoriteButton.swift in Sources */,
				8DB487DF28AE35D300855C35 /* CircleImage.swift in Sources */,
				8D51B98E28B08466002E0ADD /* RotatedBageSymbol.swift in Sources */,
				8D27BBC828AE40E8003A9979 /* LandMarkData.swift in Sources */,
			);
			runOnlyForDeploymentPostprocessing = 0;
		};
		8DB487BD28AE348500855C35 /* Sources */ = {
			isa = PBXSourcesBuildPhase;
			buildActionMask = 2147483647;
			files = (
				8DB487C628AE348500855C35 /* LandmarksTests.swift in Sources */,
			);
			runOnlyForDeploymentPostprocessing = 0;
		};
		8DB487C728AE348500855C35 /* Sources */ = {
			isa = PBXSourcesBuildPhase;
			buildActionMask = 2147483647;
			files = (
				8DB487D228AE348500855C35 /* LandmarksUITestsLaunchTests.swift in Sources */,
				8DB487D028AE348500855C35 /* LandmarksUITests.swift in Sources */,
			);
			runOnlyForDeploymentPostprocessing = 0;
		};
/* End PBXSourcesBuildPhase section */

/* Begin PBXTargetDependency section */
		8DB487C328AE348500855C35 /* PBXTargetDependency */ = {
			isa = PBXTargetDependency;
			target = 8DB487B028AE348400855C35 /* Landmarks */;
			targetProxy = 8DB487C228AE348500855C35 /* PBXContainerItemProxy */;
		};
		8DB487CD28AE348500855C35 /* PBXTargetDependency */ = {
			isa = PBXTargetDependency;
			target = 8DB487B028AE348400855C35 /* Landmarks */;
			targetProxy = 8DB487CC28AE348500855C35 /* PBXContainerItemProxy */;
		};
/* End PBXTargetDependency section */

/* Begin XCBuildConfiguration section */
		8DB487D328AE348500855C35 /* Debug */ = {
			isa = XCBuildConfiguration;
			buildSettings = {
				ALWAYS_SEARCH_USER_PATHS = NO;
				CLANG_ANALYZER_NONNULL = YES;
				CLANG_ANALYZER_NUMBER_OBJECT_CONVERSION = YES_AGGRESSIVE;
				CLANG_CXX_LANGUAGE_STANDARD = "gnu++17";
				CLANG_ENABLE_MODULES = YES;
				CLANG_ENABLE_OBJC_ARC = YES;
				CLANG_ENABLE_OBJC_WEAK = YES;
				CLANG_WARN_BLOCK_CAPTURE_AUTORELEASING = YES;
				CLANG_WARN_BOOL_CONVERSION = YES;
				CLANG_WARN_COMMA = YES;
				CLANG_WARN_CONSTANT_CONVERSION = YES;
				CLANG_WARN_DEPRECATED_OBJC_IMPLEMENTATIONS = YES;
				CLANG_WARN_DIRECT_OBJC_ISA_USAGE = YES_ERROR;
				CLANG_WARN_DOCUMENTATION_COMMENTS = YES;
				CLANG_WARN_EMPTY_BODY = YES;
				CLANG_WARN_ENUM_CONVERSION = YES;
				CLANG_WARN_INFINITE_RECURSION = YES;
				CLANG_WARN_INT_CONVERSION = YES;
				CLANG_WARN_NON_LITERAL_NULL_CONVERSION = YES;
				CLANG_WARN_OBJC_IMPLICIT_RETAIN_SELF = YES;
				CLANG_WARN_OBJC_LITERAL_CONVERSION = YES;
				CLANG_WARN_OBJC_ROOT_CLASS = YES_ERROR;
				CLANG_WARN_QUOTED_INCLUDE_IN_FRAMEWORK_HEADER = YES;
				CLANG_WARN_RANGE_LOOP_ANALYSIS = YES;
				CLANG_WARN_STRICT_PROTOTYPES = YES;
				CLANG_WARN_SUSPICIOUS_MOVE = YES;
				CLANG_WARN_UNGUARDED_AVAILABILITY = YES_AGGRESSIVE;
				CLANG_WARN_UNREACHABLE_CODE = YES;
				CLANG_WARN__DUPLICATE_METHOD_MATCH = YES;
				COPY_PHASE_STRIP = NO;
				DEBUG_INFORMATION_FORMAT = dwarf;
				ENABLE_STRICT_OBJC_MSGSEND = YES;
				ENABLE_TESTABILITY = YES;
				GCC_C_LANGUAGE_STANDARD = gnu11;
				GCC_DYNAMIC_NO_PIC = NO;
				GCC_NO_COMMON_BLOCKS = YES;
				GCC_OPTIMIZATION_LEVEL = 0;
				GCC_PREPROCESSOR_DEFINITIONS = (
					"DEBUG=1",
					"$(inherited)",
				);
				GCC_WARN_64_TO_32_BIT_CONVERSION = YES;
				GCC_WARN_ABOUT_RETURN_TYPE = YES_ERROR;
				GCC_WARN_UNDECLARED_SELECTOR = YES;
				GCC_WARN_UNINITIALIZED_AUTOS = YES_AGGRESSIVE;
				GCC_WARN_UNUSED_FUNCTION = YES;
				GCC_WARN_UNUSED_VARIABLE = YES;
				IPHONEOS_DEPLOYMENT_TARGET = 15.5;
				MTL_ENABLE_DEBUG_INFO = INCLUDE_SOURCE;
				MTL_FAST_MATH = YES;
				ONLY_ACTIVE_ARCH = YES;
				SDKROOT = iphoneos;
				SWIFT_ACTIVE_COMPILATION_CONDITIONS = DEBUG;
				SWIFT_OPTIMIZATION_LEVEL = "-Onone";
			};
			name = Debug;
		};
		8DB487D428AE348500855C35 /* Release */ = {
			isa = XCBuildConfiguration;
			buildSettings = {
				ALWAYS_SEARCH_USER_PATHS = NO;
				CLANG_ANALYZER_NONNULL = YES;
				CLANG_ANALYZER_NUMBER_OBJECT_CONVERSION = YES_AGGRESSIVE;
				CLANG_CXX_LANGUAGE_STANDARD = "gnu++17";
				CLANG_ENABLE_MODULES = YES;
				CLANG_ENABLE_OBJC_ARC = YES;
				CLANG_ENABLE_OBJC_WEAK = YES;
				CLANG_WARN_BLOCK_CAPTURE_AUTORELEASING = YES;
				CLANG_WARN_BOOL_CONVERSION = YES;
				CLANG_WARN_COMMA = YES;
				CLANG_WARN_CONSTANT_CONVERSION = YES;
				CLANG_WARN_DEPRECATED_OBJC_IMPLEMENTATIONS = YES;
				CLANG_WARN_DIRECT_OBJC_ISA_USAGE = YES_ERROR;
				CLANG_WARN_DOCUMENTATION_COMMENTS = YES;
				CLANG_WARN_EMPTY_BODY = YES;
				CLANG_WARN_ENUM_CONVERSION = YES;
				CLANG_WARN_INFINITE_RECURSION = YES;
				CLANG_WARN_INT_CONVERSION = YES;
				CLANG_WARN_NON_LITERAL_NULL_CONVERSION = YES;
				CLANG_WARN_OBJC_IMPLICIT_RETAIN_SELF = YES;
				CLANG_WARN_OBJC_LITERAL_CONVERSION = YES;
				CLANG_WARN_OBJC_ROOT_CLASS = YES_ERROR;
				CLANG_WARN_QUOTED_INCLUDE_IN_FRAMEWORK_HEADER = YES;
				CLANG_WARN_RANGE_LOOP_ANALYSIS = YES;
				CLANG_WARN_STRICT_PROTOTYPES = YES;
				CLANG_WARN_SUSPICIOUS_MOVE = YES;
				CLANG_WARN_UNGUARDED_AVAILABILITY = YES_AGGRESSIVE;
				CLANG_WARN_UNREACHABLE_CODE = YES;
				CLANG_WARN__DUPLICATE_METHOD_MATCH = YES;
				COPY_PHASE_STRIP = NO;
				DEBUG_INFORMATION_FORMAT = "dwarf-with-dsym";
				ENABLE_NS_ASSERTIONS = NO;
				ENABLE_STRICT_OBJC_MSGSEND = YES;
				GCC_C_LANGUAGE_STANDARD = gnu11;
				GCC_NO_COMMON_BLOCKS = YES;
				GCC_WARN_64_TO_32_BIT_CONVERSION = YES;
				GCC_WARN_ABOUT_RETURN_TYPE = YES_ERROR;
				GCC_WARN_UNDECLARED_SELECTOR = YES;
				GCC_WARN_UNINITIALIZED_AUTOS = YES_AGGRESSIVE;
				GCC_WARN_UNUSED_FUNCTION = YES;
				GCC_WARN_UNUSED_VARIABLE = YES;
				IPHONEOS_DEPLOYMENT_TARGET = 15.5;
				MTL_ENABLE_DEBUG_INFO = NO;
				MTL_FAST_MATH = YES;
				SDKROOT = iphoneos;
				SWIFT_COMPILATION_MODE = wholemodule;
				SWIFT_OPTIMIZATION_LEVEL = "-O";
				VALIDATE_PRODUCT = YES;
			};
			name = Release;
		};
		8DB487D628AE348500855C35 /* Debug */ = {
			isa = XCBuildConfiguration;
			buildSettings = {
				ASSETCATALOG_COMPILER_APPICON_NAME = AppIcon;
				ASSETCATALOG_COMPILER_GLOBAL_ACCENT_COLOR_NAME = AccentColor;
				CODE_SIGN_STYLE = Automatic;
				CURRENT_PROJECT_VERSION = 1;
				DEVELOPMENT_ASSET_PATHS = "\"Landmarks/Preview Content\"";
				ENABLE_PREVIEWS = YES;
				GENERATE_INFOPLIST_FILE = YES;
				INFOPLIST_KEY_UIApplicationSceneManifest_Generation = YES;
				INFOPLIST_KEY_UIApplicationSupportsIndirectInputEvents = YES;
				INFOPLIST_KEY_UILaunchScreen_Generation = YES;
				INFOPLIST_KEY_UISupportedInterfaceOrientations_iPad = "UIInterfaceOrientationPortrait UIInterfaceOrientationPortraitUpsideDown UIInterfaceOrientationLandscapeLeft UIInterfaceOrientationLandscapeRight";
				INFOPLIST_KEY_UISupportedInterfaceOrientations_iPhone = "UIInterfaceOrientationPortrait UIInterfaceOrientationLandscapeLeft UIInterfaceOrientationLandscapeRight";
				LD_RUNPATH_SEARCH_PATHS = (
					"$(inherited)",
					"@executable_path/Frameworks",
				);
				MARKETING_VERSION = 1.0;
				PRODUCT_BUNDLE_IDENTIFIER = lucys.Landmarks;
				PRODUCT_NAME = "$(TARGET_NAME)";
				SWIFT_EMIT_LOC_STRINGS = YES;
				SWIFT_VERSION = 5.0;
				TARGETED_DEVICE_FAMILY = "1,2";
			};
			name = Debug;
		};
		8DB487D728AE348500855C35 /* Release */ = {
			isa = XCBuildConfiguration;
			buildSettings = {
				ASSETCATALOG_COMPILER_APPICON_NAME = AppIcon;
				ASSETCATALOG_COMPILER_GLOBAL_ACCENT_COLOR_NAME = AccentColor;
				CODE_SIGN_STYLE = Automatic;
				CURRENT_PROJECT_VERSION = 1;
				DEVELOPMENT_ASSET_PATHS = "\"Landmarks/Preview Content\"";
				ENABLE_PREVIEWS = YES;
				GENERATE_INFOPLIST_FILE = YES;
				INFOPLIST_KEY_UIApplicationSceneManifest_Generation = YES;
				INFOPLIST_KEY_UIApplicationSupportsIndirectInputEvents = YES;
				INFOPLIST_KEY_UILaunchScreen_Generation = YES;
				INFOPLIST_KEY_UISupportedInterfaceOrientations_iPad = "UIInterfaceOrientationPortrait UIInterfaceOrientationPortraitUpsideDown UIInterfaceOrientationLandscapeLeft UIInterfaceOrientationLandscapeRight";
				INFOPLIST_KEY_UISupportedInterfaceOrientations_iPhone = "UIInterfaceOrientationPortrait UIInterfaceOrientationLandscapeLeft UIInterfaceOrientationLandscapeRight";
				LD_RUNPATH_SEARCH_PATHS = (
					"$(inherited)",
					"@executable_path/Frameworks",
				);
				MARKETING_VERSION = 1.0;
				PRODUCT_BUNDLE_IDENTIFIER = lucys.Landmarks;
				PRODUCT_NAME = "$(TARGET_NAME)";
				SWIFT_EMIT_LOC_STRINGS = YES;
				SWIFT_VERSION = 5.0;
				TARGETED_DEVICE_FAMILY = "1,2";
			};
			name = Release;
		};
		8DB487D928AE348500855C35 /* Debug */ = {
			isa = XCBuildConfiguration;
			buildSettings = {
				ALWAYS_EMBED_SWIFT_STANDARD_LIBRARIES = YES;
				BUNDLE_LOADER = "$(TEST_HOST)";
				CODE_SIGN_STYLE = Automatic;
				CURRENT_PROJECT_VERSION = 1;
				GENERATE_INFOPLIST_FILE = YES;
				IPHONEOS_DEPLOYMENT_TARGET = 15.5;
				MARKETING_VERSION = 1.0;
				PRODUCT_BUNDLE_IDENTIFIER = lucys.LandmarksTests;
				PRODUCT_NAME = "$(TARGET_NAME)";
				SWIFT_EMIT_LOC_STRINGS = NO;
				SWIFT_VERSION = 5.0;
				TARGETED_DEVICE_FAMILY = "1,2";
				TEST_HOST = "$(BUILT_PRODUCTS_DIR)/Landmarks.app/Landmarks";
			};
			name = Debug;
		};
		8DB487DA28AE348500855C35 /* Release */ = {
			isa = XCBuildConfiguration;
			buildSettings = {
				ALWAYS_EMBED_SWIFT_STANDARD_LIBRARIES = YES;
				BUNDLE_LOADER = "$(TEST_HOST)";
				CODE_SIGN_STYLE = Automatic;
				CURRENT_PROJECT_VERSION = 1;
				GENERATE_INFOPLIST_FILE = YES;
				IPHONEOS_DEPLOYMENT_TARGET = 15.5;
				MARKETING_VERSION = 1.0;
				PRODUCT_BUNDLE_IDENTIFIER = lucys.LandmarksTests;
				PRODUCT_NAME = "$(TARGET_NAME)";
				SWIFT_EMIT_LOC_STRINGS = NO;
				SWIFT_VERSION = 5.0;
				TARGETED_DEVICE_FAMILY = "1,2";
				TEST_HOST = "$(BUILT_PRODUCTS_DIR)/Landmarks.app/Landmarks";
			};
			name = Release;
		};
		8DB487DC28AE348500855C35 /* Debug */ = {
			isa = XCBuildConfiguration;
			buildSettings = {
				ALWAYS_EMBED_SWIFT_STANDARD_LIBRARIES = YES;
				CODE_SIGN_STYLE = Automatic;
				CURRENT_PROJECT_VERSION = 1;
				GENERATE_INFOPLIST_FILE = YES;
				MARKETING_VERSION = 1.0;
				PRODUCT_BUNDLE_IDENTIFIER = lucys.LandmarksUITests;
				PRODUCT_NAME = "$(TARGET_NAME)";
				SWIFT_EMIT_LOC_STRINGS = NO;
				SWIFT_VERSION = 5.0;
				TARGETED_DEVICE_FAMILY = "1,2";
				TEST_TARGET_NAME = Landmarks;
			};
			name = Debug;
		};
		8DB487DD28AE348500855C35 /* Release */ = {
			isa = XCBuildConfiguration;
			buildSettings = {
				ALWAYS_EMBED_SWIFT_STANDARD_LIBRARIES = YES;
				CODE_SIGN_STYLE = Automatic;
				CURRENT_PROJECT_VERSION = 1;
				GENERATE_INFOPLIST_FILE = YES;
				MARKETING_VERSION = 1.0;
				PRODUCT_BUNDLE_IDENTIFIER = lucys.LandmarksUITests;
				PRODUCT_NAME = "$(TARGET_NAME)";
				SWIFT_EMIT_LOC_STRINGS = NO;
				SWIFT_VERSION = 5.0;
				TARGETED_DEVICE_FAMILY = "1,2";
				TEST_TARGET_NAME = Landmarks;
			};
			name = Release;
		};
/* End XCBuildConfiguration section */

/* Begin XCConfigurationList section */
		8DB487AC28AE348400855C35 /* Build configuration list for PBXProject "Landmarks" */ = {
			isa = XCConfigurationList;
			buildConfigurations = (
				8DB487D328AE348500855C35 /* Debug */,
				8DB487D428AE348500855C35 /* Release */,
			);
			defaultConfigurationIsVisible = 0;
			defaultConfigurationName = Release;
		};
		8DB487D528AE348500855C35 /* Build configuration list for PBXNativeTarget "Landmarks" */ = {
			isa = XCConfigurationList;
			buildConfigurations = (
				8DB487D628AE348500855C35 /* Debug */,
				8DB487D728AE348500855C35 /* Release */,
			);
			defaultConfigurationIsVisible = 0;
			defaultConfigurationName = Release;
		};
		8DB487D828AE348500855C35 /* Build configuration list for PBXNativeTarget "LandmarksTests" */ = {
			isa = XCConfigurationList;
			buildConfigurations = (
				8DB487D928AE348500855C35 /* Debug */,
				8DB487DA28AE348500855C35 /* Release */,
			);
			defaultConfigurationIsVisible = 0;
			defaultConfigurationName = Release;
		};
		8DB487DB28AE348500855C35 /* Build configuration list for PBXNativeTarget "LandmarksUITests" */ = {
			isa = XCConfigurationList;
			buildConfigurations = (
				8DB487DC28AE348500855C35 /* Debug */,
				8DB487DD28AE348500855C35 /* Release */,
			);
			defaultConfigurationIsVisible = 0;
			defaultConfigurationName = Release;
		};
/* End XCConfigurationList section */
	};
	rootObject = 8DB487A928AE348400855C35 /* Project object */;
}
